
Microsoft Visual Studio Solution File, Format Version 12.00
# Visual Studio 15
VisualStudioVersion = 15.0.27703.2035
MinimumVisualStudioVersion = 10.0.40219.1
Project("{FAE04EC0-301F-11D3-BF4B-00C04F79EFBC}") = "CustomFont.Android", "CustomFont\CustomFont.Android\CustomFont.Android.csproj", "{FEF51F40-8404-4945-A934-89F954027D9A}"
EndProject
Project("{FAE04EC0-301F-11D3-BF4B-00C04F79EFBC}") = "CustomFont.iOS", "CustomFont\CustomFont.iOS\CustomFont.iOS.csproj", "{0921115D-E822-4AE4-9163-C411E739BA03}"
EndProject
Project("{FAE04EC0-301F-11D3-BF4B-00C04F79EFBC}") = "CustomFont.UWP", "CustomFont\CustomFont.UWP\CustomFont.UWP.csproj", "{8894E523-5142-45DB-9207-BE911BDDFCA5}"
EndProject
Project("{FAE04EC0-301F-11D3-BF4B-00C04F79EFBC}") = "CustomFont", "CustomFont\CustomFont\CustomFont.csproj", "{780F0540-1143-4BE8-9A41-9859E1FFAFB9}"
EndProject
Global
	GlobalSection(SolutionConfigurationPlatforms) = preSolution
		Ad-Hoc|Any CPU = Ad-Hoc|Any CPU
		Ad-Hoc|ARM = Ad-Hoc|ARM
		Ad-Hoc|iPhone = Ad-Hoc|iPhone
		Ad-Hoc|iPhoneSimulator = Ad-Hoc|iPhoneSimulator
		Ad-Hoc|x64 = Ad-Hoc|x64
		Ad-Hoc|x86 = Ad-Hoc|x86
		AppStore|Any CPU = AppStore|Any CPU
		AppStore|ARM = AppStore|ARM
		AppStore|iPhone = AppStore|iPhone
		AppStore|iPhoneSimulator = AppStore|iPhoneSimulator
		AppStore|x64 = AppStore|x64
		AppStore|x86 = AppStore|x86
		Debug|Any CPU = Debug|Any CPU
		Debug|ARM = Debug|ARM
		Debug|iPhone = Debug|iPhone
		Debug|iPhoneSimulator = Debug|iPhoneSimulator
		Debug|x64 = Debug|x64
		Debug|x86 = Debug|x86
		Release|Any CPU = Release|Any CPU
		Release|ARM = Release|ARM
		Release|iPhone = Release|iPhone
		Release|iPhoneSimulator = Release|iPhoneSimulator
		Release|x64 = Release|x64
		Release|x86 = Release|x86
	EndGlobalSection
	GlobalSection(ProjectConfigurationPlatforms) = postSolution
		{FEF51F40-8404-4945-A934-89F954027D9A}.Ad-Hoc|Any CPU.ActiveCfg = Release|Any CPU
		{FEF51F40-8404-4945-A934-89F954027D9A}.Ad-Hoc|Any CPU.Build.0 = Release|Any CPU
		{FEF51F40-8404-4945-A934-89F954027D9A}.Ad-Hoc|Any CPU.Deploy.0 = Release|Any CPU
		{FEF51F40-8404-4945-A934-89F954027D9A}.Ad-Hoc|ARM.ActiveCfg = Release|Any CPU
		{FEF51F40-8404-4945-A934-89F954027D9A}.Ad-Hoc|ARM.Build.0 = Release|Any CPU
		{FEF51F40-8404-4945-A934-89F954027D9A}.Ad-Hoc|ARM.Deploy.0 = Release|Any CPU
		{FEF51F40-8404-4945-A934-89F954027D9A}.Ad-Hoc|iPhone.ActiveCfg = Release|Any CPU
		{FEF51F40-8404-4945-A934-89F954027D9A}.Ad-Hoc|iPhone.Build.0 = Release|Any CPU
		{FEF51F40-8404-4945-A934-89F954027D9A}.Ad-Hoc|iPhone.Deploy.0 = Release|Any CPU
		{FEF51F40-8404-4945-A934-89F954027D9A}.Ad-Hoc|iPhoneSimulator.ActiveCfg = Release|Any CPU
		{FEF51F40-8404-4945-A934-89F954027D9A}.Ad-Hoc|iPhoneSimulator.Build.0 = Release|Any CPU
		{FEF51F40-8404-4945-A934-89F954027D9A}.Ad-Hoc|iPhoneSimulator.Deploy.0 = Release|Any CPU
		{FEF51F40-8404-4945-A934-89F954027D9A}.Ad-Hoc|x64.ActiveCfg = Release|Any CPU
		{FEF51F40-8404-4945-A934-89F954027D9A}.Ad-Hoc|x64.Build.0 = Release|Any CPU
		{FEF51F40-8404-4945-A934-89F954027D9A}.Ad-Hoc|x64.Deploy.0 = Release|Any CPU
		{FEF51F40-8404-4945-A934-89F954027D9A}.Ad-Hoc|x86.ActiveCfg = Release|Any CPU
		{FEF51F40-8404-4945-A934-89F954027D9A}.Ad-Hoc|x86.Build.0 = Release|Any CPU
		{FEF51F40-8404-4945-A934-89F954027D9A}.Ad-Hoc|x86.Deploy.0 = Release|Any CPU
		{FEF51F40-8404-4945-A934-89F954027D9A}.AppStore|Any CPU.ActiveCfg = Release|Any CPU
		{FEF51F40-8404-4945-A934-89F954027D9A}.AppStore|Any CPU.Build.0 = Release|Any CPU
		{FEF51F40-8404-4945-A934-89F954027D9A}.AppStore|Any CPU.Deploy.0 = Release|Any CPU
		{FEF51F40-8404-4945-A934-89F954027D9A}.AppStore|ARM.ActiveCfg = Release|Any CPU
		{FEF51F40-8404-4945-A934-89F954027D9A}.AppStore|ARM.Build.0 = Release|Any CPU
		{FEF51F40-8404-4945-A934-89F954027D9A}.AppStore|ARM.Deploy.0 = Release|Any CPU
		{FEF51F40-8404-4945-A934-89F954027D9A}.AppStore|iPhone.ActiveCfg = Release|Any CPU
		{FEF51F40-8404-4945-A934-89F954027D9A}.AppStore|iPhone.Build.0 = Release|Any CPU
		{FEF51F40-8404-4945-A934-89F954027D9A}.AppStore|iPhone.Deploy.0 = Release|Any CPU
		{FEF51F40-8404-4945-A934-89F954027D9A}.AppStore|iPhoneSimulator.ActiveCfg = Release|Any CPU
		{FEF51F40-8404-4945-A934-89F954027D9A}.AppStore|iPhoneSimulator.Build.0 = Release|Any CPU
		{FEF51F40-8404-4945-A934-89F954027D9A}.AppStore|iPhoneSimulator.Deploy.0 = Release|Any CPU
		{FEF51F40-8404-4945-A934-89F954027D9A}.AppStore|x64.ActiveCfg = Release|Any CPU
		{FEF51F40-8404-4945-A934-89F954027D9A}.AppStore|x64.Build.0 = Release|Any CPU
		{FEF51F40-8404-4945-A934-89F954027D9A}.AppStore|x64.Deploy.0 = Release|Any CPU
		{FEF51F40-8404-4945-A934-89F954027D9A}.AppStore|x86.ActiveCfg = Release|Any CPU
		{FEF51F40-8404-4945-A934-89F954027D9A}.AppStore|x86.Build.0 = Release|Any CPU
		{FEF51F40-8404-4945-A934-89F954027D9A}.AppStore|x86.Deploy.0 = Release|Any CPU
		{FEF51F40-8404-4945-A934-89F954027D9A}.Debug|Any CPU.ActiveCfg = Debug|Any CPU
		{FEF51F40-8404-4945-A934-89F954027D9A}.Debug|Any CPU.Build.0 = Debug|Any CPU
		{FEF51F40-8404-4945-A934-89F954027D9A}.Debug|Any CPU.Deploy.0 = Debug|Any CPU
		{FEF51F40-8404-4945-A934-89F954027D9A}.Debug|ARM.ActiveCfg = Debug|Any CPU
		{FEF51F40-8404-4945-A934-89F954027D9A}.Debug|ARM.Build.0 = Debug|Any CPU
		{FEF51F40-8404-4945-A934-89F954027D9A}.Debug|ARM.Deploy.0 = Debug|Any CPU
		{FEF51F40-8404-4945-A934-89F954027D9A}.Debug|iPhone.ActiveCfg = Debug|Any CPU
		{FEF51F40-8404-4945-A934-89F954027D9A}.Debug|iPhone.Build.0 = Debug|Any CPU
		{FEF51F40-8404-4945-A934-89F954027D9A}.Debug|iPhone.Deploy.0 = Debug|Any CPU
		{FEF51F40-8404-4945-A934-89F954027D9A}.Debug|iPhoneSimulator.ActiveCfg = Debug|Any CPU
		{FEF51F40-8404-4945-A934-89F954027D9A}.Debug|iPhoneSimulator.Build.0 = Debug|Any CPU
		{FEF51F40-8404-4945-A934-89F954027D9A}.Debug|iPhoneSimulator.Deploy.0 = Debug|Any CPU
		{FEF51F40-8404-4945-A934-89F954027D9A}.Debug|x64.ActiveCfg = Debug|Any CPU
		{FEF51F40-8404-4945-A934-89F954027D9A}.Debug|x64.Build.0 = Debug|Any CPU
		{FEF51F40-8404-4945-A934-89F954027D9A}.Debug|x64.Deploy.0 = Debug|Any CPU
		{FEF51F40-8404-4945-A934-89F954027D9A}.Debug|x86.ActiveCfg = Debug|Any CPU
		{FEF51F40-8404-4945-A934-89F954027D9A}.Debug|x86.Build.0 = Debug|Any CPU
		{FEF51F40-8404-4945-A934-89F954027D9A}.Debug|x86.Deploy.0 = Debug|Any CPU
		{FEF51F40-8404-4945-A934-89F954027D9A}.Release|Any CPU.ActiveCfg = Release|Any CPU
		{FEF51F40-8404-4945-A934-89F954027D9A}.Release|Any CPU.Build.0 = Release|Any CPU
		{FEF51F40-8404-4945-A934-89F954027D9A}.Release|Any CPU.Deploy.0 = Release|Any CPU
		{FEF51F40-8404-4945-A934-89F954027D9A}.Release|ARM.ActiveCfg = Release|Any CPU
		{FEF51F40-8404-4945-A934-89F954027D9A}.Release|ARM.Build.0 = Release|Any CPU
		{FEF51F40-8404-4945-A934-89F954027D9A}.Release|ARM.Deploy.0 = Release|Any CPU
		{FEF51F40-8404-4945-A934-89F954027D9A}.Release|iPhone.ActiveCfg = Release|Any CPU
		{FEF51F40-8404-4945-A934-89F954027D9A}.Release|iPhone.Build.0 = Release|Any CPU
		{FEF51F40-8404-4945-A934-89F954027D9A}.Release|iPhone.Deploy.0 = Release|Any CPU
		{FEF51F40-8404-4945-A934-89F954027D9A}.Release|iPhoneSimulator.ActiveCfg = Release|Any CPU
		{FEF51F40-8404-4945-A934-89F954027D9A}.Release|iPhoneSimulator.Build.0 = Release|Any CPU
		{FEF51F40-8404-4945-A934-89F954027D9A}.Release|iPhoneSimulator.Deploy.0 = Release|Any CPU
		{FEF51F40-8404-4945-A934-89F954027D9A}.Release|x64.ActiveCfg = Release|Any CPU
		{FEF51F40-8404-4945-A934-89F954027D9A}.Release|x64.Build.0 = Release|Any CPU
		{FEF51F40-8404-4945-A934-89F954027D9A}.Release|x64.Deploy.0 = Release|Any CPU
		{FEF51F40-8404-4945-A934-89F954027D9A}.Release|x86.ActiveCfg = Release|Any CPU
		{FEF51F40-8404-4945-A934-89F954027D9A}.Release|x86.Build.0 = Release|Any CPU
		{FEF51F40-8404-4945-A934-89F954027D9A}.Release|x86.Deploy.0 = Release|Any CPU
		{0921115D-E822-4AE4-9163-C411E739BA03}.Ad-Hoc|Any CPU.ActiveCfg = Ad-Hoc|iPhone
		{0921115D-E822-4AE4-9163-C411E739BA03}.Ad-Hoc|Any CPU.Build.0 = Ad-Hoc|iPhone
		{0921115D-E822-4AE4-9163-C411E739BA03}.Ad-Hoc|Any CPU.Deploy.0 = Ad-Hoc|iPhone
		{0921115D-E822-4AE4-9163-C411E739BA03}.Ad-Hoc|ARM.ActiveCfg = Ad-Hoc|iPhone
		{0921115D-E822-4AE4-9163-C411E739BA03}.Ad-Hoc|ARM.Build.0 = Ad-Hoc|iPhone
		{0921115D-E822-4AE4-9163-C411E739BA03}.Ad-Hoc|ARM.Deploy.0 = Ad-Hoc|iPhone
		{0921115D-E822-4AE4-9163-C411E739BA03}.Ad-Hoc|iPhone.ActiveCfg = Ad-Hoc|iPhone
		{0921115D-E822-4AE4-9163-C411E739BA03}.Ad-Hoc|iPhone.Build.0 = Ad-Hoc|iPhone
		{0921115D-E822-4AE4-9163-C411E739BA03}.Ad-Hoc|iPhone.Deploy.0 = Ad-Hoc|iPhone
		{0921115D-E822-4AE4-9163-C411E739BA03}.Ad-Hoc|iPhoneSimulator.ActiveCfg = Ad-Hoc|iPhoneSimulator
		{0921115D-E822-4AE4-9163-C411E739BA03}.Ad-Hoc|iPhoneSimulator.Build.0 = Ad-Hoc|iPhoneSimulator
		{0921115D-E822-4AE4-9163-C411E739BA03}.Ad-Hoc|iPhoneSimulator.Deploy.0 = Ad-Hoc|iPhoneSimulator
		{0921115D-E822-4AE4-9163-C411E739BA03}.Ad-Hoc|x64.ActiveCfg = Ad-Hoc|iPhone
		{0921115D-E822-4AE4-9163-C411E739BA03}.Ad-Hoc|x64.Build.0 = Ad-Hoc|iPhone
		{0921115D-E822-4AE4-9163-C411E739BA03}.Ad-Hoc|x64.Deploy.0 = Ad-Hoc|iPhone
		{0921115D-E822-4AE4-9163-C411E739BA03}.Ad-Hoc|x86.ActiveCfg = Ad-Hoc|iPhone
		{0921115D-E822-4AE4-9163-C411E739BA03}.Ad-Hoc|x86.Build.0 = Ad-Hoc|iPhone
		{0921115D-E822-4AE4-9163-C411E739BA03}.Ad-Hoc|x86.Deploy.0 = Ad-Hoc|iPhone
		{0921115D-E822-4AE4-9163-C411E739BA03}.AppStore|Any CPU.ActiveCfg = AppStore|iPhone
		{0921115D-E822-4AE4-9163-C411E739BA03}.AppStore|Any CPU.Build.0 = AppStore|iPhone
		{0921115D-E822-4AE4-9163-C411E739BA03}.AppStore|Any CPU.Deploy.0 = AppStore|iPhone
		{0921115D-E822-4AE4-9163-C411E739BA03}.AppStore|ARM.ActiveCfg = AppStore|iPhone
		{0921115D-E822-4AE4-9163-C411E739BA03}.AppStore|ARM.Build.0 = AppStore|iPhone
		{0921115D-E822-4AE4-9163-C411E739BA03}.AppStore|ARM.Deploy.0 = AppStore|iPhone
		{0921115D-E822-4AE4-9163-C411E739BA03}.AppStore|iPhone.ActiveCfg = AppStore|iPhone
		{0921115D-E822-4AE4-9163-C411E739BA03}.AppStore|iPhone.Build.0 = AppStore|iPhone
		{0921115D-E822-4AE4-9163-C411E739BA03}.AppStore|iPhone.Deploy.0 = AppStore|iPhone
		{0921115D-E822-4AE4-9163-C411E739BA03}.AppStore|iPhoneSimulator.ActiveCfg = AppStore|iPhoneSimulator
		{0921115D-E822-4AE4-9163-C411E739BA03}.AppStore|iPhoneSimulator.Build.0 = AppStore|iPhoneSimulator
		{0921115D-E822-4AE4-9163-C411E739BA03}.AppStore|iPhoneSimulator.Deploy.0 = AppStore|iPhoneSimulator
		{0921115D-E822-4AE4-9163-C411E739BA03}.AppStore|x64.ActiveCfg = AppStore|iPhone
		{0921115D-E822-4AE4-9163-C411E739BA03}.AppStore|x64.Build.0 = AppStore|iPhone
		{0921115D-E822-4AE4-9163-C411E739BA03}.AppStore|x64.Deploy.0 = AppStore|iPhone
		{0921115D-E822-4AE4-9163-C411E739BA03}.AppStore|x86.ActiveCfg = AppStore|iPhone
		{0921115D-E822-4AE4-9163-C411E739BA03}.AppStore|x86.Build.0 = AppStore|iPhone
		{0921115D-E822-4AE4-9163-C411E739BA03}.AppStore|x86.Deploy.0 = AppStore|iPhone
		{0921115D-E822-4AE4-9163-C411E739BA03}.Debug|Any CPU.ActiveCfg = Debug|iPhoneSimulator
		{0921115D-E822-4AE4-9163-C411E739BA03}.Debug|Any CPU.Build.0 = Debug|iPhoneSimulator
		{0921115D-E822-4AE4-9163-C411E739BA03}.Debug|Any CPU.Deploy.0 = Debug|iPhoneSimulator
		{0921115D-E822-4AE4-9163-C411E739BA03}.Debug|ARM.ActiveCfg = Debug|iPhone
		{0921115D-E822-4AE4-9163-C411E739BA03}.Debug|ARM.Build.0 = Debug|iPhone
		{0921115D-E822-4AE4-9163-C411E739BA03}.Debug|ARM.Deploy.0 = Debug|iPhone
		{0921115D-E822-4AE4-9163-C411E739BA03}.Debug|iPhone.ActiveCfg = Debug|iPhone
		{0921115D-E822-4AE4-9163-C411E739BA03}.Debug|iPhone.Build.0 = Debug|iPhone
		{0921115D-E822-4AE4-9163-C411E739BA03}.Debug|iPhone.Deploy.0 = Debug|iPhone
		{0921115D-E822-4AE4-9163-C411E739BA03}.Debug|iPhoneSimulator.ActiveCfg = Debug|iPhoneSimulator
		{0921115D-E822-4AE4-9163-C411E739BA03}.Debug|iPhoneSimulator.Build.0 = Debug|iPhoneSimulator
		{0921115D-E822-4AE4-9163-C411E739BA03}.Debug|iPhoneSimulator.Deploy.0 = Debug|iPhoneSimulator
		{0921115D-E822-4AE4-9163-C411E739BA03}.Debug|x64.ActiveCfg = Debug|iPhone
		{0921115D-E822-4AE4-9163-C411E739BA03}.Debug|x64.Build.0 = Debug|iPhone
		{0921115D-E822-4AE4-9163-C411E739BA03}.Debug|x64.Deploy.0 = Debug|iPhone
		{0921115D-E822-4AE4-9163-C411E739BA03}.Debug|x86.ActiveCfg = Debug|iPhone
		{0921115D-E822-4AE4-9163-C411E739BA03}.Debug|x86.Build.0 = Debug|iPhone
		{0921115D-E822-4AE4-9163-C411E739BA03}.Debug|x86.Deploy.0 = Debug|iPhone
		{0921115D-E822-4AE4-9163-C411E739BA03}.Release|Any CPU.ActiveCfg = Release|iPhone
		{0921115D-E822-4AE4-9163-C411E739BA03}.Release|Any CPU.Build.0 = Release|iPhone
		{0921115D-E822-4AE4-9163-C411E739BA03}.Release|Any CPU.Deploy.0 = Release|iPhone
		{0921115D-E822-4AE4-9163-C411E739BA03}.Release|ARM.ActiveCfg = Release|iPhone
		{0921115D-E822-4AE4-9163-C411E739BA03}.Release|ARM.Build.0 = Release|iPhone
		{0921115D-E822-4AE4-9163-C411E739BA03}.Release|ARM.Deploy.0 = Release|iPhone
		{0921115D-E822-4AE4-9163-C411E739BA03}.Release|iPhone.ActiveCfg = Release|iPhone
		{0921115D-E822-4AE4-9163-C411E739BA03}.Release|iPhone.Build.0 = Release|iPhone
		{0921115D-E822-4AE4-9163-C411E739BA03}.Release|iPhone.Deploy.0 = Release|iPhone
		{0921115D-E822-4AE4-9163-C411E739BA03}.Release|iPhoneSimulator.ActiveCfg = Release|iPhoneSimulator
		{0921115D-E822-4AE4-9163-C411E739BA03}.Release|iPhoneSimulator.Build.0 = Release|iPhoneSimulator
		{0921115D-E822-4AE4-9163-C411E739BA03}.Release|iPhoneSimulator.Deploy.0 = Release|iPhoneSimulator
		{0921115D-E822-4AE4-9163-C411E739BA03}.Release|x64.ActiveCfg = Release|iPhone
		{0921115D-E822-4AE4-9163-C411E739BA03}.Release|x64.Build.0 = Release|iPhone
		{0921115D-E822-4AE4-9163-C411E739BA03}.Release|x64.Deploy.0 = Release|iPhone
		{0921115D-E822-4AE4-9163-C411E739BA03}.Release|x86.ActiveCfg = Release|iPhone
		{0921115D-E822-4AE4-9163-C411E739BA03}.Release|x86.Build.0 = Release|iPhone
		{0921115D-E822-4AE4-9163-C411E739BA03}.Release|x86.Deploy.0 = Release|iPhone
		{8894E523-5142-45DB-9207-BE911BDDFCA5}.Ad-Hoc|Any CPU.ActiveCfg = Release|x86
		{8894E523-5142-45DB-9207-BE911BDDFCA5}.Ad-Hoc|Any CPU.Build.0 = Release|x86
		{8894E523-5142-45DB-9207-BE911BDDFCA5}.Ad-Hoc|Any CPU.Deploy.0 = Release|x86
		{8894E523-5142-45DB-9207-BE911BDDFCA5}.Ad-Hoc|ARM.ActiveCfg = Release|ARM
		{8894E523-5142-45DB-9207-BE911BDDFCA5}.Ad-Hoc|ARM.Build.0 = Release|ARM
		{8894E523-5142-45DB-9207-BE911BDDFCA5}.Ad-Hoc|ARM.Deploy.0 = Release|ARM
		{8894E523-5142-45DB-9207-BE911BDDFCA5}.Ad-Hoc|iPhone.ActiveCfg = Release|x86
		{8894E523-5142-45DB-9207-BE911BDDFCA5}.Ad-Hoc|iPhone.Build.0 = Release|x86
		{8894E523-5142-45DB-9207-BE911BDDFCA5}.Ad-Hoc|iPhone.Deploy.0 = Release|x86
		{8894E523-5142-45DB-9207-BE911BDDFCA5}.Ad-Hoc|iPhoneSimulator.ActiveCfg = Release|x86
		{8894E523-5142-45DB-9207-BE911BDDFCA5}.Ad-Hoc|iPhoneSimulator.Build.0 = Release|x86
		{8894E523-5142-45DB-9207-BE911BDDFCA5}.Ad-Hoc|iPhoneSimulator.Deploy.0 = Release|x86
		{8894E523-5142-45DB-9207-BE911BDDFCA5}.Ad-Hoc|x64.ActiveCfg = Release|x64
		{8894E523-5142-45DB-9207-BE911BDDFCA5}.Ad-Hoc|x64.Build.0 = Release|x64
		{8894E523-5142-45DB-9207-BE911BDDFCA5}.Ad-Hoc|x64.Deploy.0 = Release|x64
		{8894E523-5142-45DB-9207-BE911BDDFCA5}.Ad-Hoc|x86.ActiveCfg = Release|x86
		{8894E523-5142-45DB-9207-BE911BDDFCA5}.Ad-Hoc|x86.Build.0 = Release|x86
		{8894E523-5142-45DB-9207-BE911BDDFCA5}.Ad-Hoc|x86.Deploy.0 = Release|x86
		{8894E523-5142-45DB-9207-BE911BDDFCA5}.AppStore|Any CPU.ActiveCfg = Release|x86
		{8894E523-5142-45DB-9207-BE911BDDFCA5}.AppStore|Any CPU.Build.0 = Release|x86
		{8894E523-5142-45DB-9207-BE911BDDFCA5}.AppStore|Any CPU.Deploy.0 = Release|x86
		{8894E523-5142-45DB-9207-BE911BDDFCA5}.AppStore|ARM.ActiveCfg = Release|ARM
		{8894E523-5142-45DB-9207-BE911BDDFCA5}.AppStore|ARM.Build.0 = Release|ARM
		{8894E523-5142-45DB-9207-BE911BDDFCA5}.AppStore|ARM.Deploy.0 = Release|ARM
		{8894E523-5142-45DB-9207-BE911BDDFCA5}.AppStore|iPhone.ActiveCfg = Release|x86
		{8894E523-5142-45DB-9207-BE911BDDFCA5}.AppStore|iPhone.Build.0 = Release|x86
		{8894E523-5142-45DB-9207-BE911BDDFCA5}.AppStore|iPhone.Deploy.0 = Release|x86
		{8894E523-5142-45DB-9207-BE911BDDFCA5}.AppStore|iPhoneSimulator.ActiveCfg = Release|x86
		{8894E523-5142-45DB-9207-BE911BDDFCA5}.AppStore|iPhoneSimulator.Build.0 = Release|x86
		{8894E523-5142-45DB-9207-BE911BDDFCA5}.AppStore|iPhoneSimulator.Deploy.0 = Release|x86
		{8894E523-5142-45DB-9207-BE911BDDFCA5}.AppStore|x64.ActiveCfg = Release|x64
		{8894E523-5142-45DB-9207-BE911BDDFCA5}.AppStore|x64.Build.0 = Release|x64
		{8894E523-5142-45DB-9207-BE911BDDFCA5}.AppStore|x64.Deploy.0 = Release|x64
		{8894E523-5142-45DB-9207-BE911BDDFCA5}.AppStore|x86.ActiveCfg = Release|x86
		{8894E523-5142-45DB-9207-BE911BDDFCA5}.AppStore|x86.Build.0 = Release|x86
		{8894E523-5142-45DB-9207-BE911BDDFCA5}.AppStore|x86.Deploy.0 = Release|x86
		{8894E523-5142-45DB-9207-BE911BDDFCA5}.Debug|Any CPU.ActiveCfg = Debug|x86
		{8894E523-5142-45DB-9207-BE911BDDFCA5}.Debug|Any CPU.Build.0 = Debug|x86
		{8894E523-5142-45DB-9207-BE911BDDFCA5}.Debug|Any CPU.Deploy.0 = Debug|x86
		{8894E523-5142-45DB-9207-BE911BDDFCA5}.Debug|ARM.ActiveCfg = Debug|ARM
		{8894E523-5142-45DB-9207-BE911BDDFCA5}.Debug|ARM.Build.0 = Debug|ARM
		{8894E523-5142-45DB-9207-BE911BDDFCA5}.Debug|ARM.Deploy.0 = Debug|ARM
		{8894E523-5142-45DB-9207-BE911BDDFCA5}.Debug|iPhone.ActiveCfg = Debug|x86
		{8894E523-5142-45DB-9207-BE911BDDFCA5}.Debug|iPhone.Build.0 = Debug|x86
		{8894E523-5142-45DB-9207-BE911BDDFCA5}.Debug|iPhone.Deploy.0 = Debug|x86
		{8894E523-5142-45DB-9207-BE911BDDFCA5}.Debug|iPhoneSimulator.ActiveCfg = Debug|x86
		{8894E523-5142-45DB-9207-BE911BDDFCA5}.Debug|iPhoneSimulator.Build.0 = Debug|x86
		{8894E523-5142-45DB-9207-BE911BDDFCA5}.Debug|iPhoneSimulator.Deploy.0 = Debug|x86
		{8894E523-5142-45DB-9207-BE911BDDFCA5}.Debug|x64.ActiveCfg = Debug|x64
		{8894E523-5142-45DB-9207-BE911BDDFCA5}.Debug|x64.Build.0 = Debug|x64
		{8894E523-5142-45DB-9207-BE911BDDFCA5}.Debug|x64.Deploy.0 = Debug|x64
		{8894E523-5142-45DB-9207-BE911BDDFCA5}.Debug|x86.ActiveCfg = Debug|x86
		{8894E523-5142-45DB-9207-BE911BDDFCA5}.Debug|x86.Build.0 = Debug|x86
		{8894E523-5142-45DB-9207-BE911BDDFCA5}.Debug|x86.Deploy.0 = Debug|x86
		{8894E523-5142-45DB-9207-BE911BDDFCA5}.Release|Any CPU.ActiveCfg = Release|x86
		{8894E523-5142-45DB-9207-BE911BDDFCA5}.Release|Any CPU.Build.0 = Release|x86
		{8894E523-5142-45DB-9207-BE911BDDFCA5}.Release|Any CPU.Deploy.0 = Release|x86
		{8894E523-5142-45DB-9207-BE911BDDFCA5}.Release|ARM.ActiveCfg = Release|ARM
		{8894E523-5142-45DB-9207-BE911BDDFCA5}.Release|ARM.Build.0 = Release|ARM
		{8894E523-5142-45DB-9207-BE911BDDFCA5}.Release|ARM.Deploy.0 = Release|ARM
		{8894E523-5142-45DB-9207-BE911BDDFCA5}.Release|iPhone.ActiveCfg = Release|x86
		{8894E523-5142-45DB-9207-BE911BDDFCA5}.Release|iPhone.Build.0 = Release|x86
		{8894E523-5142-45DB-9207-BE911BDDFCA5}.Release|iPhone.Deploy.0 = Release|x86
		{8894E523-5142-45DB-9207-BE911BDDFCA5}.Release|iPhoneSimulator.ActiveCfg = Release|x86
		{8894E523-5142-45DB-9207-BE911BDDFCA5}.Release|iPhoneSimulator.Build.0 = Release|x86
		{8894E523-5142-45DB-9207-BE911BDDFCA5}.Release|iPhoneSimulator.Deploy.0 = Release|x86
		{8894E523-5142-45DB-9207-BE911BDDFCA5}.Release|x64.ActiveCfg = Release|x64
		{8894E523-5142-45DB-9207-BE911BDDFCA5}.Release|x64.Build.0 = Release|x64
		{8894E523-5142-45DB-9207-BE911BDDFCA5}.Release|x64.Deploy.0 = Release|x64
		{8894E523-5142-45DB-9207-BE911BDDFCA5}.Release|x86.ActiveCfg = Release|x86
		{8894E523-5142-45DB-9207-BE911BDDFCA5}.Release|x86.Build.0 = Release|x86
		{8894E523-5142-45DB-9207-BE911BDDFCA5}.Release|x86.Deploy.0 = Release|x86
		{780F0540-1143-4BE8-9A41-9859E1FFAFB9}.Ad-Hoc|Any CPU.ActiveCfg = Debug|Any CPU
		{780F0540-1143-4BE8-9A41-9859E1FFAFB9}.Ad-Hoc|Any CPU.Build.0 = Debug|Any CPU
		{780F0540-1143-4BE8-9A41-9859E1FFAFB9}.Ad-Hoc|Any CPU.Deploy.0 = Debug|Any CPU
		{780F0540-1143-4BE8-9A41-9859E1FFAFB9}.Ad-Hoc|ARM.ActiveCfg = Debug|Any CPU
		{780F0540-1143-4BE8-9A41-9859E1FFAFB9}.Ad-Hoc|ARM.Build.0 = Debug|Any CPU
		{780F0540-1143-4BE8-9A41-9859E1FFAFB9}.Ad-Hoc|ARM.Deploy.0 = Debug|Any CPU
		{780F0540-1143-4BE8-9A41-9859E1FFAFB9}.Ad-Hoc|iPhone.ActiveCfg = Debug|Any CPU
		{780F0540-1143-4BE8-9A41-9859E1FFAFB9}.Ad-Hoc|iPhone.Build.0 = Debug|Any CPU
		{780F0540-1143-4BE8-9A41-9859E1FFAFB9}.Ad-Hoc|iPhone.Deploy.0 = Debug|Any CPU
		{780F0540-1143-4BE8-9A41-9859E1FFAFB9}.Ad-Hoc|iPhoneSimulator.ActiveCfg = Debug|Any CPU
		{780F0540-1143-4BE8-9A41-9859E1FFAFB9}.Ad-Hoc|iPhoneSimulator.Build.0 = Debug|Any CPU
		{780F0540-1143-4BE8-9A41-9859E1FFAFB9}.Ad-Hoc|iPhoneSimulator.Deploy.0 = Debug|Any CPU
		{780F0540-1143-4BE8-9A41-9859E1FFAFB9}.Ad-Hoc|x64.ActiveCfg = Debug|Any CPU
		{780F0540-1143-4BE8-9A41-9859E1FFAFB9}.Ad-Hoc|x64.Build.0 = Debug|Any CPU
		{780F0540-1143-4BE8-9A41-9859E1FFAFB9}.Ad-Hoc|x64.Deploy.0 = Debug|Any CPU
		{780F0540-1143-4BE8-9A41-9859E1FFAFB9}.Ad-Hoc|x86.ActiveCfg = Debug|Any CPU
		{780F0540-1143-4BE8-9A41-9859E1FFAFB9}.Ad-Hoc|x86.Build.0 = Debug|Any CPU
		{780F0540-1143-4BE8-9A41-9859E1FFAFB9}.Ad-Hoc|x86.Deploy.0 = Debug|Any CPU
		{780F0540-1143-4BE8-9A41-9859E1FFAFB9}.AppStore|Any CPU.ActiveCfg = Debug|Any CPU
		{780F0540-1143-4BE8-9A41-9859E1FFAFB9}.AppStore|Any CPU.Build.0 = Debug|Any CPU
		{780F0540-1143-4BE8-9A41-9859E1FFAFB9}.AppStore|Any CPU.Deploy.0 = Debug|Any CPU
		{780F0540-1143-4BE8-9A41-9859E1FFAFB9}.AppStore|ARM.ActiveCfg = Debug|Any CPU
		{780F0540-1143-4BE8-9A41-9859E1FFAFB9}.AppStore|ARM.Build.0 = Debug|Any CPU
		{780F0540-1143-4BE8-9A41-9859E1FFAFB9}.AppStore|ARM.Deploy.0 = Debug|Any CPU
		{780F0540-1143-4BE8-9A41-9859E1FFAFB9}.AppStore|iPhone.ActiveCfg = Debug|Any CPU
		{780F0540-1143-4BE8-9A41-9859E1FFAFB9}.AppStore|iPhone.Build.0 = Debug|Any CPU
		{780F0540-1143-4BE8-9A41-9859E1FFAFB9}.AppStore|iPhone.Deploy.0 = Debug|Any CPU
		{780F0540-1143-4BE8-9A41-9859E1FFAFB9}.AppStore|iPhoneSimulator.ActiveCfg = Debug|Any CPU
		{780F0540-1143-4BE8-9A41-9859E1FFAFB9}.AppStore|iPhoneSimulator.Build.0 = Debug|Any CPU
		{780F0540-1143-4BE8-9A41-9859E1FFAFB9}.AppStore|iPhoneSimulator.Deploy.0 = Debug|Any CPU
		{780F0540-1143-4BE8-9A41-9859E1FFAFB9}.AppStore|x64.ActiveCfg = Debug|Any CPU
		{780F0540-1143-4BE8-9A41-9859E1FFAFB9}.AppStore|x64.Build.0 = Debug|Any CPU
		{780F0540-1143-4BE8-9A41-9859E1FFAFB9}.AppStore|x64.Deploy.0 = Debug|Any CPU
		{780F0540-1143-4BE8-9A41-9859E1FFAFB9}.AppStore|x86.ActiveCfg = Debug|Any CPU
		{780F0540-1143-4BE8-9A41-9859E1FFAFB9}.AppStore|x86.Build.0 = Debug|Any CPU
		{780F0540-1143-4BE8-9A41-9859E1FFAFB9}.AppStore|x86.Deploy.0 = Debug|Any CPU
		{780F0540-1143-4BE8-9A41-9859E1FFAFB9}.Debug|Any CPU.ActiveCfg = Debug|Any CPU
		{780F0540-1143-4BE8-9A41-9859E1FFAFB9}.Debug|Any CPU.Build.0 = Debug|Any CPU
		{780F0540-1143-4BE8-9A41-9859E1FFAFB9}.Debug|Any CPU.Deploy.0 = Debug|Any CPU
		{780F0540-1143-4BE8-9A41-9859E1FFAFB9}.Debug|ARM.ActiveCfg = Debug|Any CPU
		{780F0540-1143-4BE8-9A41-9859E1FFAFB9}.Debug|ARM.Build.0 = Debug|Any CPU
		{780F0540-1143-4BE8-9A41-9859E1FFAFB9}.Debug|ARM.Deploy.0 = Debug|Any CPU
		{780F0540-1143-4BE8-9A41-9859E1FFAFB9}.Debug|iPhone.ActiveCfg = Debug|Any CPU
		{780F0540-1143-4BE8-9A41-9859E1FFAFB9}.Debug|iPhone.Build.0 = Debug|Any CPU
		{780F0540-1143-4BE8-9A41-9859E1FFAFB9}.Debug|iPhone.Deploy.0 = Debug|Any CPU
		{780F0540-1143-4BE8-9A41-9859E1FFAFB9}.Debug|iPhoneSimulator.ActiveCfg = Debug|Any CPU
		{780F0540-1143-4BE8-9A41-9859E1FFAFB9}.Debug|iPhoneSimulator.Build.0 = Debug|Any CPU
		{780F0540-1143-4BE8-9A41-9859E1FFAFB9}.Debug|iPhoneSimulator.Deploy.0 = Debug|Any CPU
		{780F0540-1143-4BE8-9A41-9859E1FFAFB9}.Debug|x64.ActiveCfg = Debug|Any CPU
		{780F0540-1143-4BE8-9A41-9859E1FFAFB9}.Debug|x64.Build.0 = Debug|Any CPU
		{780F0540-1143-4BE8-9A41-9859E1FFAFB9}.Debug|x64.Deploy.0 = Debug|Any CPU
		{780F0540-1143-4BE8-9A41-9859E1FFAFB9}.Debug|x86.ActiveCfg = Debug|Any CPU
		{780F0540-1143-4BE8-9A41-9859E1FFAFB9}.Debug|x86.Build.0 = Debug|Any CPU
		{780F0540-1143-4BE8-9A41-9859E1FFAFB9}.Debug|x86.Deploy.0 = Debug|Any CPU
		{780F0540-1143-4BE8-9A41-9859E1FFAFB9}.Release|Any CPU.ActiveCfg = Release|Any CPU
		{780F0540-1143-4BE8-9A41-9859E1FFAFB9}.Release|Any CPU.Build.0 = Release|Any CPU
		{780F0540-1143-4BE8-9A41-9859E1FFAFB9}.Release|Any CPU.Deploy.0 = Release|Any CPU
		{780F0540-1143-4BE8-9A41-9859E1FFAFB9}.Release|ARM.ActiveCfg = Release|Any CPU
		{780F0540-1143-4BE8-9A41-9859E1FFAFB9}.Release|ARM.Build.0 = Release|Any CPU
		{780F0540-1143-4BE8-9A41-9859E1FFAFB9}.Release|ARM.Deploy.0 = Release|Any CPU
		{780F0540-1143-4BE8-9A41-9859E1FFAFB9}.Release|iPhone.ActiveCfg = Release|Any CPU
		{780F0540-1143-4BE8-9A41-9859E1FFAFB9}.Release|iPhone.Build.0 = Release|Any CPU
		{780F0540-1143-4BE8-9A41-9859E1FFAFB9}.Release|iPhone.Deploy.0 = Release|Any CPU
		{780F0540-1143-4BE8-9A41-9859E1FFAFB9}.Release|iPhoneSimulator.ActiveCfg = Release|Any CPU
		{780F0540-1143-4BE8-9A41-9859E1FFAFB9}.Release|iPhoneSimulator.Build.0 = Release|Any CPU
		{780F0540-1143-4BE8-9A41-9859E1FFAFB9}.Release|iPhoneSimulator.Deploy.0 = Release|Any CPU
		{780F0540-1143-4BE8-9A41-9859E1FFAFB9}.Release|x64.ActiveCfg = Release|Any CPU
		{780F0540-1143-4BE8-9A41-9859E1FFAFB9}.Release|x64.Build.0 = Release|Any CPU
		{780F0540-1143-4BE8-9A41-9859E1FFAFB9}.Release|x64.Deploy.0 = Release|Any CPU
		{780F0540-1143-4BE8-9A41-9859E1FFAFB9}.Release|x86.ActiveCfg = Release|Any CPU
		{780F0540-1143-4BE8-9A41-9859E1FFAFB9}.Release|x86.Build.0 = Release|Any CPU
		{780F0540-1143-4BE8-9A41-9859E1FFAFB9}.Release|x86.Deploy.0 = Release|Any CPU
	EndGlobalSection
	GlobalSection(SolutionProperties) = preSolution
		HideSolutionNode = FALSE
	EndGlobalSection
	GlobalSection(ExtensibilityGlobals) = postSolution
		SolutionGuid = {A4A96FDC-D032-406C-BD66-0531709563F1}
	EndGlobalSection
EndGlobal
